SITE
  remote: http://community.opscode.com/api/v1
  specs:
    apt (1.8.4)
    build-essential (1.3.4)
    firewall (0.10.2)
    nginx (1.3.0)
      build-essential (>= 0.0.0)
      ohai (>= 1.1.4)
    nodejs (1.0.2)
      apt (>= 0.0.0)
      build-essential (>= 0.0.0)
    ohai (1.1.6)
    openssl (1.0.0)
    postgresql (2.2.2)
      openssl (>= 0.0.0)
    sqlite (1.0.0)

GIT
  remote: git://github.com/fnichol/chef-rvm.git
  ref: v0.9.0
  sha: 4a408e5d6c5a52c37388a799c516430263339849
  specs:
    rvm (0.9.0)

GIT
  remote: git://github.com/opscode-cookbooks/ufw.git
  ref: master
  sha: 6bc6de62a84f6fa6f172edf0a490f1a332e89e29
  specs:
    ufw (0.6.1)
      firewall (>= 0.8)

DEPENDENCIES
  nginx (>= 0)
  nodejs (>= 0)
  postgresql (>= 0)
  rvm (>= 0)
  sqlite (>= 0)
  ufw (>= 0)

